
Microsoft Visual Studio Solution File, Format Version 12.00
# Visual Studio Version 16
VisualStudioVersion = 16.0.32002.261
MinimumVisualStudioVersion = 10.0.40219.1
Project("{FAE04EC0-301F-11D3-BF4B-00C04F79EFBC}") = "Bookstore", "Bookstore\Bookstore.csproj", "{D882EBD6-2611-4D67-BB82-57839AF87303}"
EndProject
Global
	GlobalSection(SolutionConfigurationPlatforms) = preSolution
		Debug|Any CPU = Debug|Any CPU
		Release|Any CPU = Release|Any CPU
	EndGlobalSection
	GlobalSection(ProjectConfigurationPlatforms) = postSolution
		{D882EBD6-2611-4D67-BB82-57839AF87303}.Debug|Any CPU.ActiveCfg = Debug|Any CPU
		{D882EBD6-2611-4D67-BB82-57839AF87303}.Debug|Any CPU.Build.0 = Debug|Any CPU
		{D882EBD6-2611-4D67-BB82-57839AF87303}.Release|Any CPU.ActiveCfg = Release|Any CPU
		{D882EBD6-2611-4D67-BB82-57839AF87303}.Release|Any CPU.Build.0 = Release|Any CPU
	EndGlobalSection
	GlobalSection(SolutionProperties) = preSolution
		HideSolutionNode = FALSE
	EndGlobalSection
	GlobalSection(ExtensibilityGlobals) = postSolution
		SolutionGuid = {BE70A719-0E1F-4F5E-ADCE-3D7179973B1C}
	EndGlobalSection
EndGlobal
